{
  "requires": true,  
  "lockfileVersion": 1,
  
  "dependencies": {
    
    "compilerOptions": {"lib": ["ES6"],
      "@types/node": "^8.0.51",
      "tsutils": "^2.12.2",
      "typescript": "^2.6.1",

    "@types/core-js": {
      "version": "2.5.3",
      "resolved": "https://registry.npmjs.org/@types/core-js/-/core-js-2.5.3.tgz",
      "integrity": "sha512-F9RHpjuPSit4dCCRXgi7XcqA01DAjy9QY+v9yICoxXsjXD9cgQpyZyL2eSZnTkBGXGaQnea8waZOZTogLDB+rA==",
      "dev": true
      
    }
  }
}
